
Microsoft Visual Studio Solution File, Format Version 12.00
# Visual Studio Version 16
VisualStudioVersion = 16.0.29418.71
MinimumVisualStudioVersion = 10.0.40219.1
Project("{FAE04EC0-301F-11D3-BF4B-00C04F79EFBC}") = "Day3", "Day3\Day3.csproj", "{38AEF958-75CD-4A56-8700-25884CC3A3E5}"
EndProject
Global
	GlobalSection(SolutionConfigurationPlatforms) = preSolution
		Debug|Any CPU = Debug|Any CPU
		Release|Any CPU = Release|Any CPU
	EndGlobalSection
	GlobalSection(ProjectConfigurationPlatforms) = postSolution
		{38AEF958-75CD-4A56-8700-25884CC3A3E5}.Debug|Any CPU.ActiveCfg = Debug|Any CPU
		{38AEF958-75CD-4A56-8700-25884CC3A3E5}.Debug|Any CPU.Build.0 = Debug|Any CPU
		{38AEF958-75CD-4A56-8700-25884CC3A3E5}.Release|Any CPU.ActiveCfg = Release|Any CPU
		{38AEF958-75CD-4A56-8700-25884CC3A3E5}.Release|Any CPU.Build.0 = Release|Any CPU
	EndGlobalSection
	GlobalSection(SolutionProperties) = preSolution
		HideSolutionNode = FALSE
	EndGlobalSection
	GlobalSection(ExtensibilityGlobals) = postSolution
		SolutionGuid = {F9C49B27-019A-40D7-B3C9-2ADDD1D41927}
	EndGlobalSection
EndGlobal
