
Microsoft Visual Studio Solution File, Format Version 12.00
# Visual Studio Version 16
VisualStudioVersion = 16.0.29418.71
MinimumVisualStudioVersion = 10.0.40219.1
Project("{FAE04EC0-301F-11D3-BF4B-00C04F79EFBC}") = "Day4", "Day4\Day4.csproj", "{70191670-F189-4992-9B9C-10B2254A78BB}"
EndProject
Global
	GlobalSection(SolutionConfigurationPlatforms) = preSolution
		Debug|Any CPU = Debug|Any CPU
		Release|Any CPU = Release|Any CPU
	EndGlobalSection
	GlobalSection(ProjectConfigurationPlatforms) = postSolution
		{70191670-F189-4992-9B9C-10B2254A78BB}.Debug|Any CPU.ActiveCfg = Debug|Any CPU
		{70191670-F189-4992-9B9C-10B2254A78BB}.Debug|Any CPU.Build.0 = Debug|Any CPU
		{70191670-F189-4992-9B9C-10B2254A78BB}.Release|Any CPU.ActiveCfg = Release|Any CPU
		{70191670-F189-4992-9B9C-10B2254A78BB}.Release|Any CPU.Build.0 = Release|Any CPU
	EndGlobalSection
	GlobalSection(SolutionProperties) = preSolution
		HideSolutionNode = FALSE
	EndGlobalSection
	GlobalSection(ExtensibilityGlobals) = postSolution
		SolutionGuid = {7EB44C22-59C0-4EE9-85E3-21CDE4C6C3E5}
	EndGlobalSection
EndGlobal
